
Microsoft Visual Studio Solution File, Format Version 11.00
# Visual Studio 2010
Project("{F184B08F-C81C-45F6-A57F-5ABD9991F28F}") = "porUnPunto", "porUnPunto\porUnPunto.vbproj", "{27B42CDC-0798-4533-B532-D93BE7EE9F0D}"
EndProject
Global
	GlobalSection(SolutionConfigurationPlatforms) = preSolution
		Debug|x86 = Debug|x86
		Release|x86 = Release|x86
	EndGlobalSection
	GlobalSection(ProjectConfigurationPlatforms) = postSolution
		{27B42CDC-0798-4533-B532-D93BE7EE9F0D}.Debug|x86.ActiveCfg = Debug|x86
		{27B42CDC-0798-4533-B532-D93BE7EE9F0D}.Debug|x86.Build.0 = Debug|x86
		{27B42CDC-0798-4533-B532-D93BE7EE9F0D}.Release|x86.ActiveCfg = Release|x86
		{27B42CDC-0798-4533-B532-D93BE7EE9F0D}.Release|x86.Build.0 = Release|x86
	EndGlobalSection
	GlobalSection(SolutionProperties) = preSolution
		HideSolutionNode = FALSE
	EndGlobalSection
EndGlobal
